
Microsoft Visual Studio Solution File, Format Version 12.00
# Visual Studio Version 16
VisualStudioVersion = 16.0.30523.141
MinimumVisualStudioVersion = 10.0.40219.1
Project("{FAE04EC0-301F-11D3-BF4B-00C04F79EFBC}") = "CalculatorMetWindowsForms", "CalculatorMetWindowsForms\CalculatorMetWindowsForms.csproj", "{853BF8F4-7BFB-4023-998F-16D474C3A93F}"
EndProject
Global
	GlobalSection(SolutionConfigurationPlatforms) = preSolution
		Debug|Any CPU = Debug|Any CPU
		Release|Any CPU = Release|Any CPU
	EndGlobalSection
	GlobalSection(ProjectConfigurationPlatforms) = postSolution
		{853BF8F4-7BFB-4023-998F-16D474C3A93F}.Debug|Any CPU.ActiveCfg = Debug|Any CPU
		{853BF8F4-7BFB-4023-998F-16D474C3A93F}.Debug|Any CPU.Build.0 = Debug|Any CPU
		{853BF8F4-7BFB-4023-998F-16D474C3A93F}.Release|Any CPU.ActiveCfg = Release|Any CPU
		{853BF8F4-7BFB-4023-998F-16D474C3A93F}.Release|Any CPU.Build.0 = Release|Any CPU
	EndGlobalSection
	GlobalSection(SolutionProperties) = preSolution
		HideSolutionNode = FALSE
	EndGlobalSection
	GlobalSection(ExtensibilityGlobals) = postSolution
		SolutionGuid = {59D471E5-F2BC-4CFF-BF99-EB2106DBD147}
	EndGlobalSection
EndGlobal
